
Microsoft Visual Studio Solution File, Format Version 12.00
# Visual Studio Version 17
VisualStudioVersion = 17.7.34202.233
MinimumVisualStudioVersion = 10.0.40219.1
Project("{8BC9CEB8-8B4A-11D0-8D11-00A0C91BC942}") = "Bank System", "Bank System.vcxproj", "{940A8680-2BBA-4929-BE47-73EB76515359}"
EndProject
Global
	GlobalSection(SolutionConfigurationPlatforms) = preSolution
		Debug|x64 = Debug|x64
		Debug|x86 = Debug|x86
		Release|x64 = Release|x64
		Release|x86 = Release|x86
	EndGlobalSection
	GlobalSection(ProjectConfigurationPlatforms) = postSolution
		{940A8680-2BBA-4929-BE47-73EB76515359}.Debug|x64.ActiveCfg = Debug|x64
		{940A8680-2BBA-4929-BE47-73EB76515359}.Debug|x64.Build.0 = Debug|x64
		{940A8680-2BBA-4929-BE47-73EB76515359}.Debug|x86.ActiveCfg = Debug|Win32
		{940A8680-2BBA-4929-BE47-73EB76515359}.Debug|x86.Build.0 = Debug|Win32
		{940A8680-2BBA-4929-BE47-73EB76515359}.Release|x64.ActiveCfg = Release|x64
		{940A8680-2BBA-4929-BE47-73EB76515359}.Release|x64.Build.0 = Release|x64
		{940A8680-2BBA-4929-BE47-73EB76515359}.Release|x86.ActiveCfg = Release|Win32
		{940A8680-2BBA-4929-BE47-73EB76515359}.Release|x86.Build.0 = Release|Win32
	EndGlobalSection
	GlobalSection(SolutionProperties) = preSolution
		HideSolutionNode = FALSE
	EndGlobalSection
	GlobalSection(ExtensibilityGlobals) = postSolution
		SolutionGuid = {98919D77-521E-468E-BF22-E3EBC1889A77}
	EndGlobalSection
EndGlobal
